# This file is automatically @generated by Cargo.
# It is not intended for manual editing.
version = 3

[[package]]
name = "fragcap"
version = "0.1.0"
dependencies = [
 "fragcap-attr",
 "fragcap-capture",
 "fragcap-core",
 "fragcap-profile",
 "fragcap-sink",
 "fragcap-steam",
]

[[package]]
name = "fragcap-attr"
version = "0.1.0"
dependencies = [
 "fragcap-core",
]

[[package]]
name = "fragcap-capture"
version = "0.1.0"
dependencies = [
 "fragcap-core",
]

[[package]]
name = "fragcap-cli"
version = "0.1.0"
dependencies = [
 "fragcap",
]

[[package]]
name = "fragcap-core"
version = "0.1.0"

[[package]]
name = "fragcap-profile"
version = "0.1.0"
dependencies = [
 "fragcap-core",
]

[[package]]
name = "fragcap-sink"
version = "0.1.0"
dependencies = [
 "fragcap-core",
]

[[package]]
name = "fragcap-steam"
version = "0.1.0"
dependencies = [
 "fragcap-profile",
]

[[package]]
name = "xtask"
version = "0.1.0"
