# This file is automatically @generated by Cargo.
# It is not intended for manual editing.
version = 3

[[package]]
name = "bytes"
version = "1.12.1"
source = "registry+https://github.com/rust-lang/crates.io-index"
checksum = "fc652a48c352aef3ea3aed32080501cf3ef6ed5da78602a020c991775b0aff04"

[[package]]
name = "fragcap"
version = "0.1.0"
dependencies = [
 "fragcap-attr",
 "fragcap-capture",
 "fragcap-core",
 "fragcap-profile",
 "fragcap-sink",
 "fragcap-steam",
]

[[package]]
name = "fragcap-attr"
version = "0.1.0"
dependencies = [
 "fragcap-core",
]

[[package]]
name = "fragcap-capture"
version = "0.1.0"
dependencies = [
 "fragcap-core",
]

[[package]]
name = "fragcap-cli"
version = "0.1.0"
dependencies = [
 "fragcap",
]

[[package]]
name = "fragcap-core"
version = "0.1.0"
dependencies = [
 "bytes",
]

[[package]]
name = "fragcap-profile"
version = "0.1.0"
dependencies = [
 "fragcap-core",
]

[[package]]
name = "fragcap-sink"
version = "0.1.0"
dependencies = [
 "fragcap-core",
]

[[package]]
name = "fragcap-steam"
version = "0.1.0"
dependencies = [
 "fragcap-profile",
]

[[package]]
name = "xtask"
version = "0.1.0"
